
Microsoft Visual Studio Solution File, Format Version 12.00
# Visual Studio 15
VisualStudioVersion = 15.0.28307.2092
MinimumVisualStudioVersion = 10.0.40219.1
Project("{FAE04EC0-301F-11D3-BF4B-00C04F79EFBC}") = "Pacman", "Pacman\Pacman.csproj", "{16627897-6749-4369-8D12-49A4B60BB40F}"
EndProject
Global
	GlobalSection(SolutionConfigurationPlatforms) = preSolution
		Debug|Any CPU = Debug|Any CPU
		Release|Any CPU = Release|Any CPU
	EndGlobalSection
	GlobalSection(ProjectConfigurationPlatforms) = postSolution
		{16627897-6749-4369-8D12-49A4B60BB40F}.Debug|Any CPU.ActiveCfg = Debug|Any CPU
		{16627897-6749-4369-8D12-49A4B60BB40F}.Debug|Any CPU.Build.0 = Debug|Any CPU
		{16627897-6749-4369-8D12-49A4B60BB40F}.Release|Any CPU.ActiveCfg = Release|Any CPU
		{16627897-6749-4369-8D12-49A4B60BB40F}.Release|Any CPU.Build.0 = Release|Any CPU
	EndGlobalSection
	GlobalSection(SolutionProperties) = preSolution
		HideSolutionNode = FALSE
	EndGlobalSection
	GlobalSection(ExtensibilityGlobals) = postSolution
		SolutionGuid = {EB5295B1-105D-431E-8BB4-92FFDD7DDFA7}
	EndGlobalSection
EndGlobal
